
Microsoft Visual Studio Solution File, Format Version 12.00
# Visual Studio 14
VisualStudioVersion = 14.0.25420.1
MinimumVisualStudioVersion = 10.0.40219.1
Project("{FAE04EC0-301F-11D3-BF4B-00C04F79EFBC}") = "TaxModel", "TaxModel\TaxModel.csproj", "{09B7DE4C-8464-4189-861E-C8FD55D593D6}"
EndProject
Project("{FAE04EC0-301F-11D3-BF4B-00C04F79EFBC}") = "IncomeModel", "IncomeModel\IncomeModel.csproj", "{FC03033A-CEB8-49E6-B29A-8E9F43E49B6B}"
EndProject
Project("{FAE04EC0-301F-11D3-BF4B-00C04F79EFBC}") = "ExpenseModel", "ExpenseModel\ExpenseModel.csproj", "{C6EA7F11-CA7B-4799-9EA1-95D92783808E}"
EndProject
Global
	GlobalSection(SolutionConfigurationPlatforms) = preSolution
		Debug|Any CPU = Debug|Any CPU
		Release|Any CPU = Release|Any CPU
	EndGlobalSection
	GlobalSection(ProjectConfigurationPlatforms) = postSolution
		{09B7DE4C-8464-4189-861E-C8FD55D593D6}.Debug|Any CPU.ActiveCfg = Debug|Any CPU
		{09B7DE4C-8464-4189-861E-C8FD55D593D6}.Debug|Any CPU.Build.0 = Debug|Any CPU
		{09B7DE4C-8464-4189-861E-C8FD55D593D6}.Release|Any CPU.ActiveCfg = Release|Any CPU
		{09B7DE4C-8464-4189-861E-C8FD55D593D6}.Release|Any CPU.Build.0 = Release|Any CPU
		{FC03033A-CEB8-49E6-B29A-8E9F43E49B6B}.Debug|Any CPU.ActiveCfg = Debug|Any CPU
		{FC03033A-CEB8-49E6-B29A-8E9F43E49B6B}.Debug|Any CPU.Build.0 = Debug|Any CPU
		{FC03033A-CEB8-49E6-B29A-8E9F43E49B6B}.Release|Any CPU.ActiveCfg = Release|Any CPU
		{FC03033A-CEB8-49E6-B29A-8E9F43E49B6B}.Release|Any CPU.Build.0 = Release|Any CPU
		{C6EA7F11-CA7B-4799-9EA1-95D92783808E}.Debug|Any CPU.ActiveCfg = Debug|Any CPU
		{C6EA7F11-CA7B-4799-9EA1-95D92783808E}.Debug|Any CPU.Build.0 = Debug|Any CPU
		{C6EA7F11-CA7B-4799-9EA1-95D92783808E}.Release|Any CPU.ActiveCfg = Release|Any CPU
		{C6EA7F11-CA7B-4799-9EA1-95D92783808E}.Release|Any CPU.Build.0 = Release|Any CPU
	EndGlobalSection
	GlobalSection(SolutionProperties) = preSolution
		HideSolutionNode = FALSE
	EndGlobalSection
EndGlobal
